
Microsoft Visual Studio Solution File, Format Version 12.00
# Visual Studio Version 17
VisualStudioVersion = 17.9.34701.34
MinimumVisualStudioVersion = 10.0.40219.1
Project("{FAE04EC0-301F-11D3-BF4B-00C04F79EFBC}") = "CompanyApi", "CompanyApi\CompanyApi.csproj", "{817FF53E-7EA0-4621-A137-1803791DF893}"
EndProject
Global
	GlobalSection(SolutionConfigurationPlatforms) = preSolution
		Debug|Any CPU = Debug|Any CPU
		Release|Any CPU = Release|Any CPU
	EndGlobalSection
	GlobalSection(ProjectConfigurationPlatforms) = postSolution
		{817FF53E-7EA0-4621-A137-1803791DF893}.Debug|Any CPU.ActiveCfg = Debug|Any CPU
		{817FF53E-7EA0-4621-A137-1803791DF893}.Debug|Any CPU.Build.0 = Debug|Any CPU
		{817FF53E-7EA0-4621-A137-1803791DF893}.Release|Any CPU.ActiveCfg = Release|Any CPU
		{817FF53E-7EA0-4621-A137-1803791DF893}.Release|Any CPU.Build.0 = Release|Any CPU
	EndGlobalSection
	GlobalSection(SolutionProperties) = preSolution
		HideSolutionNode = FALSE
	EndGlobalSection
	GlobalSection(ExtensibilityGlobals) = postSolution
		SolutionGuid = {909535E2-C23B-4A4E-8448-7E011A9BDE7C}
	EndGlobalSection
EndGlobal
